
Microsoft Visual Studio Solution File, Format Version 12.00
# Visual Studio 15
VisualStudioVersion = 15.0.27004.2005
MinimumVisualStudioVersion = 10.0.40219.1
Project("{8BC9CEB8-8B4A-11D0-8D11-00A0C91BC942}") = "ECSE", "Gluttonous Snake\Gluttonous Snake.vcxproj", "{B358C3D7-238A-4091-A2AB-6A5722476AE0}"
EndProject
Global
	GlobalSection(Performance) = preSolution
		HasPerformanceSessions = true
	EndGlobalSection
	GlobalSection(SolutionConfigurationPlatforms) = preSolution
		Debug|x64 = Debug|x64
		Debug|x86 = Debug|x86
		Release|x64 = Release|x64
		Release|x86 = Release|x86
	EndGlobalSection
	GlobalSection(ProjectConfigurationPlatforms) = postSolution
		{B358C3D7-238A-4091-A2AB-6A5722476AE0}.Debug|x64.ActiveCfg = Debug|x64
		{B358C3D7-238A-4091-A2AB-6A5722476AE0}.Debug|x64.Build.0 = Debug|x64
		{B358C3D7-238A-4091-A2AB-6A5722476AE0}.Debug|x86.ActiveCfg = Debug|Win32
		{B358C3D7-238A-4091-A2AB-6A5722476AE0}.Debug|x86.Build.0 = Debug|Win32
		{B358C3D7-238A-4091-A2AB-6A5722476AE0}.Release|x64.ActiveCfg = Release|x64
		{B358C3D7-238A-4091-A2AB-6A5722476AE0}.Release|x64.Build.0 = Release|x64
		{B358C3D7-238A-4091-A2AB-6A5722476AE0}.Release|x86.ActiveCfg = Release|Win32
		{B358C3D7-238A-4091-A2AB-6A5722476AE0}.Release|x86.Build.0 = Release|Win32
	EndGlobalSection
	GlobalSection(SolutionProperties) = preSolution
		HideSolutionNode = FALSE
	EndGlobalSection
	GlobalSection(ExtensibilityGlobals) = postSolution
		SolutionGuid = {9B5A43D1-D398-4139-A900-34D621BD4471}
	EndGlobalSection
	GlobalSection(Performance) = preSolution
		HasPerformanceSessions = true
	EndGlobalSection
EndGlobal
